
Microsoft Visual Studio Solution File, Format Version 12.00
# Visual Studio Version 17
VisualStudioVersion = 17.4.33213.308
MinimumVisualStudioVersion = 10.0.40219.1
Project("{9A19103F-16F7-4668-BE54-9A1E7A4F7556}") = "Lucid", "Lucid\Lucid.csproj", "{C85B8635-5D95-433C-97A1-B91355690D7B}"
EndProject
Global
	GlobalSection(SolutionConfigurationPlatforms) = preSolution
		Debug|Any CPU = Debug|Any CPU
		Release|Any CPU = Release|Any CPU
	EndGlobalSection
	GlobalSection(ProjectConfigurationPlatforms) = postSolution
		{C85B8635-5D95-433C-97A1-B91355690D7B}.Debug|Any CPU.ActiveCfg = Debug|Any CPU
		{C85B8635-5D95-433C-97A1-B91355690D7B}.Debug|Any CPU.Build.0 = Debug|Any CPU
		{C85B8635-5D95-433C-97A1-B91355690D7B}.Release|Any CPU.ActiveCfg = Release|Any CPU
		{C85B8635-5D95-433C-97A1-B91355690D7B}.Release|Any CPU.Build.0 = Release|Any CPU
	EndGlobalSection
	GlobalSection(SolutionProperties) = preSolution
		HideSolutionNode = FALSE
	EndGlobalSection
	GlobalSection(ExtensibilityGlobals) = postSolution
		SolutionGuid = {7D0FD969-A192-4F74-909B-FAC913A7CD4A}
	EndGlobalSection
EndGlobal
